
Microsoft Visual Studio Solution File, Format Version 12.00
# Visual Studio 15
VisualStudioVersion = 15.0.28307.489
MinimumVisualStudioVersion = 10.0.40219.1
Project("{FAE04EC0-301F-11D3-BF4B-00C04F79EFBC}") = "FinkiGAME", "FinkiGAME\FinkiGAME.csproj", "{635F754E-F3C6-4781-BBCE-EB23EF76AF05}"
EndProject
Global
	GlobalSection(SolutionConfigurationPlatforms) = preSolution
		Debug|Any CPU = Debug|Any CPU
		Release|Any CPU = Release|Any CPU
	EndGlobalSection
	GlobalSection(ProjectConfigurationPlatforms) = postSolution
		{635F754E-F3C6-4781-BBCE-EB23EF76AF05}.Debug|Any CPU.ActiveCfg = Debug|Any CPU
		{635F754E-F3C6-4781-BBCE-EB23EF76AF05}.Debug|Any CPU.Build.0 = Debug|Any CPU
		{635F754E-F3C6-4781-BBCE-EB23EF76AF05}.Release|Any CPU.ActiveCfg = Release|Any CPU
		{635F754E-F3C6-4781-BBCE-EB23EF76AF05}.Release|Any CPU.Build.0 = Release|Any CPU
	EndGlobalSection
	GlobalSection(SolutionProperties) = preSolution
		HideSolutionNode = FALSE
	EndGlobalSection
	GlobalSection(ExtensibilityGlobals) = postSolution
		SolutionGuid = {4BDFDF76-A43F-46AF-8D27-B1C29F12FA68}
	EndGlobalSection
EndGlobal
